
Microsoft Visual Studio Solution File, Format Version 12.00
# Visual Studio 15
VisualStudioVersion = 15.0.28010.0
MinimumVisualStudioVersion = 10.0.40219.1
Project("{FAE04EC0-301F-11D3-BF4B-00C04F79EFBC}") = "WPFTest", "WPFTest\WPFTest.csproj", "{745EB502-6301-4249-8079-41FFE941FE9E}"
EndProject
Project("{FAE04EC0-301F-11D3-BF4B-00C04F79EFBC}") = "WPFTest.MainModule", "WPFTest.MainModule\WPFTest.MainModule.csproj", "{A970538C-A568-4500-8CA0-739B1C278FBF}"
EndProject
Project("{FAE04EC0-301F-11D3-BF4B-00C04F79EFBC}") = "WpfAppDataBind", "WpfAppDataBind\WpfAppDataBind.csproj", "{E12F2249-4DD2-4448-9099-5EFCF2E27C25}"
EndProject
Project("{FAE04EC0-301F-11D3-BF4B-00C04F79EFBC}") = "WPF_Style", "WPF_Style\WPF_Style.csproj", "{1B5D081E-C86D-4B1B-9969-C6E14CE373C3}"
EndProject
Project("{FAE04EC0-301F-11D3-BF4B-00C04F79EFBC}") = "DataTrigger", "DataTrigger\DataTrigger.csproj", "{00D69429-626C-4E30-B6C7-85BF631CB77D}"
EndProject
Project("{FAE04EC0-301F-11D3-BF4B-00C04F79EFBC}") = "Panorama", "Panorama\Panorama.csproj", "{C77A3C15-7A8F-4175-9E0A-C512483E5BA7}"
EndProject
Project("{FAE04EC0-301F-11D3-BF4B-00C04F79EFBC}") = "TaskAsync", "TaskAsync\TaskAsync.csproj", "{9F00CBE1-6E18-4681-9C52-1E78F0170F03}"
EndProject
Project("{FAE04EC0-301F-11D3-BF4B-00C04F79EFBC}") = "GUI_Thread", "GUI_Thread\GUI_Thread.csproj", "{8FDA5F3C-6FCE-440F-B32B-6864F1EA210C}"
EndProject
Project("{FAE04EC0-301F-11D3-BF4B-00C04F79EFBC}") = "ThreadTest", "Thread\ThreadTest.csproj", "{A3D161DE-61C7-4899-BBF6-CA0B90F245FD}"
EndProject
Global
	GlobalSection(SolutionConfigurationPlatforms) = preSolution
		Debug|Any CPU = Debug|Any CPU
		Debug|x64 = Debug|x64
		Debug|x86 = Debug|x86
		Release|Any CPU = Release|Any CPU
		Release|x64 = Release|x64
		Release|x86 = Release|x86
	EndGlobalSection
	GlobalSection(ProjectConfigurationPlatforms) = postSolution
		{745EB502-6301-4249-8079-41FFE941FE9E}.Debug|Any CPU.ActiveCfg = Debug|Any CPU
		{745EB502-6301-4249-8079-41FFE941FE9E}.Debug|Any CPU.Build.0 = Debug|Any CPU
		{745EB502-6301-4249-8079-41FFE941FE9E}.Debug|x64.ActiveCfg = Debug|Any CPU
		{745EB502-6301-4249-8079-41FFE941FE9E}.Debug|x64.Build.0 = Debug|Any CPU
		{745EB502-6301-4249-8079-41FFE941FE9E}.Debug|x86.ActiveCfg = Debug|Any CPU
		{745EB502-6301-4249-8079-41FFE941FE9E}.Debug|x86.Build.0 = Debug|Any CPU
		{745EB502-6301-4249-8079-41FFE941FE9E}.Release|Any CPU.ActiveCfg = Release|Any CPU
		{745EB502-6301-4249-8079-41FFE941FE9E}.Release|Any CPU.Build.0 = Release|Any CPU
		{745EB502-6301-4249-8079-41FFE941FE9E}.Release|x64.ActiveCfg = Release|Any CPU
		{745EB502-6301-4249-8079-41FFE941FE9E}.Release|x64.Build.0 = Release|Any CPU
		{745EB502-6301-4249-8079-41FFE941FE9E}.Release|x86.ActiveCfg = Release|Any CPU
		{745EB502-6301-4249-8079-41FFE941FE9E}.Release|x86.Build.0 = Release|Any CPU
		{A970538C-A568-4500-8CA0-739B1C278FBF}.Debug|Any CPU.ActiveCfg = Debug|Any CPU
		{A970538C-A568-4500-8CA0-739B1C278FBF}.Debug|Any CPU.Build.0 = Debug|Any CPU
		{A970538C-A568-4500-8CA0-739B1C278FBF}.Debug|x64.ActiveCfg = Debug|Any CPU
		{A970538C-A568-4500-8CA0-739B1C278FBF}.Debug|x64.Build.0 = Debug|Any CPU
		{A970538C-A568-4500-8CA0-739B1C278FBF}.Debug|x86.ActiveCfg = Debug|Any CPU
		{A970538C-A568-4500-8CA0-739B1C278FBF}.Debug|x86.Build.0 = Debug|Any CPU
		{A970538C-A568-4500-8CA0-739B1C278FBF}.Release|Any CPU.ActiveCfg = Release|Any CPU
		{A970538C-A568-4500-8CA0-739B1C278FBF}.Release|Any CPU.Build.0 = Release|Any CPU
		{A970538C-A568-4500-8CA0-739B1C278FBF}.Release|x64.ActiveCfg = Release|Any CPU
		{A970538C-A568-4500-8CA0-739B1C278FBF}.Release|x64.Build.0 = Release|Any CPU
		{A970538C-A568-4500-8CA0-739B1C278FBF}.Release|x86.ActiveCfg = Release|Any CPU
		{A970538C-A568-4500-8CA0-739B1C278FBF}.Release|x86.Build.0 = Release|Any CPU
		{E12F2249-4DD2-4448-9099-5EFCF2E27C25}.Debug|Any CPU.ActiveCfg = Debug|Any CPU
		{E12F2249-4DD2-4448-9099-5EFCF2E27C25}.Debug|Any CPU.Build.0 = Debug|Any CPU
		{E12F2249-4DD2-4448-9099-5EFCF2E27C25}.Debug|x64.ActiveCfg = Debug|Any CPU
		{E12F2249-4DD2-4448-9099-5EFCF2E27C25}.Debug|x64.Build.0 = Debug|Any CPU
		{E12F2249-4DD2-4448-9099-5EFCF2E27C25}.Debug|x86.ActiveCfg = Debug|Any CPU
		{E12F2249-4DD2-4448-9099-5EFCF2E27C25}.Debug|x86.Build.0 = Debug|Any CPU
		{E12F2249-4DD2-4448-9099-5EFCF2E27C25}.Release|Any CPU.ActiveCfg = Release|Any CPU
		{E12F2249-4DD2-4448-9099-5EFCF2E27C25}.Release|Any CPU.Build.0 = Release|Any CPU
		{E12F2249-4DD2-4448-9099-5EFCF2E27C25}.Release|x64.ActiveCfg = Release|Any CPU
		{E12F2249-4DD2-4448-9099-5EFCF2E27C25}.Release|x64.Build.0 = Release|Any CPU
		{E12F2249-4DD2-4448-9099-5EFCF2E27C25}.Release|x86.ActiveCfg = Release|Any CPU
		{E12F2249-4DD2-4448-9099-5EFCF2E27C25}.Release|x86.Build.0 = Release|Any CPU
		{1B5D081E-C86D-4B1B-9969-C6E14CE373C3}.Debug|Any CPU.ActiveCfg = Debug|Any CPU
		{1B5D081E-C86D-4B1B-9969-C6E14CE373C3}.Debug|Any CPU.Build.0 = Debug|Any CPU
		{1B5D081E-C86D-4B1B-9969-C6E14CE373C3}.Debug|x64.ActiveCfg = Debug|Any CPU
		{1B5D081E-C86D-4B1B-9969-C6E14CE373C3}.Debug|x64.Build.0 = Debug|Any CPU
		{1B5D081E-C86D-4B1B-9969-C6E14CE373C3}.Debug|x86.ActiveCfg = Debug|Any CPU
		{1B5D081E-C86D-4B1B-9969-C6E14CE373C3}.Debug|x86.Build.0 = Debug|Any CPU
		{1B5D081E-C86D-4B1B-9969-C6E14CE373C3}.Release|Any CPU.ActiveCfg = Release|Any CPU
		{1B5D081E-C86D-4B1B-9969-C6E14CE373C3}.Release|Any CPU.Build.0 = Release|Any CPU
		{1B5D081E-C86D-4B1B-9969-C6E14CE373C3}.Release|x64.ActiveCfg = Release|Any CPU
		{1B5D081E-C86D-4B1B-9969-C6E14CE373C3}.Release|x64.Build.0 = Release|Any CPU
		{1B5D081E-C86D-4B1B-9969-C6E14CE373C3}.Release|x86.ActiveCfg = Release|Any CPU
		{1B5D081E-C86D-4B1B-9969-C6E14CE373C3}.Release|x86.Build.0 = Release|Any CPU
		{00D69429-626C-4E30-B6C7-85BF631CB77D}.Debug|Any CPU.ActiveCfg = Debug|Any CPU
		{00D69429-626C-4E30-B6C7-85BF631CB77D}.Debug|Any CPU.Build.0 = Debug|Any CPU
		{00D69429-626C-4E30-B6C7-85BF631CB77D}.Debug|x64.ActiveCfg = Debug|x64
		{00D69429-626C-4E30-B6C7-85BF631CB77D}.Debug|x64.Build.0 = Debug|x64
		{00D69429-626C-4E30-B6C7-85BF631CB77D}.Debug|x86.ActiveCfg = Debug|x86
		{00D69429-626C-4E30-B6C7-85BF631CB77D}.Debug|x86.Build.0 = Debug|x86
		{00D69429-626C-4E30-B6C7-85BF631CB77D}.Release|Any CPU.ActiveCfg = Release|Any CPU
		{00D69429-626C-4E30-B6C7-85BF631CB77D}.Release|Any CPU.Build.0 = Release|Any CPU
		{00D69429-626C-4E30-B6C7-85BF631CB77D}.Release|x64.ActiveCfg = Release|x64
		{00D69429-626C-4E30-B6C7-85BF631CB77D}.Release|x64.Build.0 = Release|x64
		{00D69429-626C-4E30-B6C7-85BF631CB77D}.Release|x86.ActiveCfg = Release|x86
		{00D69429-626C-4E30-B6C7-85BF631CB77D}.Release|x86.Build.0 = Release|x86
		{C77A3C15-7A8F-4175-9E0A-C512483E5BA7}.Debug|Any CPU.ActiveCfg = Debug|Any CPU
		{C77A3C15-7A8F-4175-9E0A-C512483E5BA7}.Debug|Any CPU.Build.0 = Debug|Any CPU
		{C77A3C15-7A8F-4175-9E0A-C512483E5BA7}.Debug|x64.ActiveCfg = Debug|Any CPU
		{C77A3C15-7A8F-4175-9E0A-C512483E5BA7}.Debug|x64.Build.0 = Debug|Any CPU
		{C77A3C15-7A8F-4175-9E0A-C512483E5BA7}.Debug|x86.ActiveCfg = Debug|Any CPU
		{C77A3C15-7A8F-4175-9E0A-C512483E5BA7}.Debug|x86.Build.0 = Debug|Any CPU
		{C77A3C15-7A8F-4175-9E0A-C512483E5BA7}.Release|Any CPU.ActiveCfg = Release|Any CPU
		{C77A3C15-7A8F-4175-9E0A-C512483E5BA7}.Release|Any CPU.Build.0 = Release|Any CPU
		{C77A3C15-7A8F-4175-9E0A-C512483E5BA7}.Release|x64.ActiveCfg = Release|Any CPU
		{C77A3C15-7A8F-4175-9E0A-C512483E5BA7}.Release|x64.Build.0 = Release|Any CPU
		{C77A3C15-7A8F-4175-9E0A-C512483E5BA7}.Release|x86.ActiveCfg = Release|Any CPU
		{C77A3C15-7A8F-4175-9E0A-C512483E5BA7}.Release|x86.Build.0 = Release|Any CPU
		{9F00CBE1-6E18-4681-9C52-1E78F0170F03}.Debug|Any CPU.ActiveCfg = Debug|Any CPU
		{9F00CBE1-6E18-4681-9C52-1E78F0170F03}.Debug|Any CPU.Build.0 = Debug|Any CPU
		{9F00CBE1-6E18-4681-9C52-1E78F0170F03}.Debug|x64.ActiveCfg = Debug|Any CPU
		{9F00CBE1-6E18-4681-9C52-1E78F0170F03}.Debug|x64.Build.0 = Debug|Any CPU
		{9F00CBE1-6E18-4681-9C52-1E78F0170F03}.Debug|x86.ActiveCfg = Debug|Any CPU
		{9F00CBE1-6E18-4681-9C52-1E78F0170F03}.Debug|x86.Build.0 = Debug|Any CPU
		{9F00CBE1-6E18-4681-9C52-1E78F0170F03}.Release|Any CPU.ActiveCfg = Release|Any CPU
		{9F00CBE1-6E18-4681-9C52-1E78F0170F03}.Release|Any CPU.Build.0 = Release|Any CPU
		{9F00CBE1-6E18-4681-9C52-1E78F0170F03}.Release|x64.ActiveCfg = Release|Any CPU
		{9F00CBE1-6E18-4681-9C52-1E78F0170F03}.Release|x64.Build.0 = Release|Any CPU
		{9F00CBE1-6E18-4681-9C52-1E78F0170F03}.Release|x86.ActiveCfg = Release|Any CPU
		{9F00CBE1-6E18-4681-9C52-1E78F0170F03}.Release|x86.Build.0 = Release|Any CPU
		{8FDA5F3C-6FCE-440F-B32B-6864F1EA210C}.Debug|Any CPU.ActiveCfg = Debug|Any CPU
		{8FDA5F3C-6FCE-440F-B32B-6864F1EA210C}.Debug|Any CPU.Build.0 = Debug|Any CPU
		{8FDA5F3C-6FCE-440F-B32B-6864F1EA210C}.Debug|x64.ActiveCfg = Debug|Any CPU
		{8FDA5F3C-6FCE-440F-B32B-6864F1EA210C}.Debug|x64.Build.0 = Debug|Any CPU
		{8FDA5F3C-6FCE-440F-B32B-6864F1EA210C}.Debug|x86.ActiveCfg = Debug|Any CPU
		{8FDA5F3C-6FCE-440F-B32B-6864F1EA210C}.Debug|x86.Build.0 = Debug|Any CPU
		{8FDA5F3C-6FCE-440F-B32B-6864F1EA210C}.Release|Any CPU.ActiveCfg = Release|Any CPU
		{8FDA5F3C-6FCE-440F-B32B-6864F1EA210C}.Release|Any CPU.Build.0 = Release|Any CPU
		{8FDA5F3C-6FCE-440F-B32B-6864F1EA210C}.Release|x64.ActiveCfg = Release|Any CPU
		{8FDA5F3C-6FCE-440F-B32B-6864F1EA210C}.Release|x64.Build.0 = Release|Any CPU
		{8FDA5F3C-6FCE-440F-B32B-6864F1EA210C}.Release|x86.ActiveCfg = Release|Any CPU
		{8FDA5F3C-6FCE-440F-B32B-6864F1EA210C}.Release|x86.Build.0 = Release|Any CPU
		{A3D161DE-61C7-4899-BBF6-CA0B90F245FD}.Debug|Any CPU.ActiveCfg = Debug|Any CPU
		{A3D161DE-61C7-4899-BBF6-CA0B90F245FD}.Debug|Any CPU.Build.0 = Debug|Any CPU
		{A3D161DE-61C7-4899-BBF6-CA0B90F245FD}.Debug|x64.ActiveCfg = Debug|Any CPU
		{A3D161DE-61C7-4899-BBF6-CA0B90F245FD}.Debug|x64.Build.0 = Debug|Any CPU
		{A3D161DE-61C7-4899-BBF6-CA0B90F245FD}.Debug|x86.ActiveCfg = Debug|Any CPU
		{A3D161DE-61C7-4899-BBF6-CA0B90F245FD}.Debug|x86.Build.0 = Debug|Any CPU
		{A3D161DE-61C7-4899-BBF6-CA0B90F245FD}.Release|Any CPU.ActiveCfg = Release|Any CPU
		{A3D161DE-61C7-4899-BBF6-CA0B90F245FD}.Release|Any CPU.Build.0 = Release|Any CPU
		{A3D161DE-61C7-4899-BBF6-CA0B90F245FD}.Release|x64.ActiveCfg = Release|Any CPU
		{A3D161DE-61C7-4899-BBF6-CA0B90F245FD}.Release|x64.Build.0 = Release|Any CPU
		{A3D161DE-61C7-4899-BBF6-CA0B90F245FD}.Release|x86.ActiveCfg = Release|Any CPU
		{A3D161DE-61C7-4899-BBF6-CA0B90F245FD}.Release|x86.Build.0 = Release|Any CPU
	EndGlobalSection
	GlobalSection(SolutionProperties) = preSolution
		HideSolutionNode = FALSE
	EndGlobalSection
	GlobalSection(ExtensibilityGlobals) = postSolution
		SolutionGuid = {F5A31895-A11F-4A73-A666-2788CC37A7B6}
	EndGlobalSection
EndGlobal
